# This file is automatically @generated by Cargo.
# It is not intended for manual editing.
version = 3

[[package]]
name = "purr"
version = "0.9.0"
source = "registry+https://github.com/rust-lang/crates.io-index"
checksum = "f65ecf8f6541cb5191a715bcd065373e1d49dfc64ad39f6a3d2cba4c8c20108a"

[[package]]
name = "rust_canonical_numbering"
version = "0.1.0"
dependencies = [
 "purr",
]
